
Microsoft Visual Studio Solution File, Format Version 12.00
# Visual Studio Version 16
VisualStudioVersion = 16.0.30011.22
MinimumVisualStudioVersion = 10.0.40219.1
Project("{2150E333-8FDC-42A3-9474-1A3956D46DE8}") = "Application", "Application", "{FDD77FEA-7000-4E17-BE59-C21AD151C957}"
EndProject
Project("{2150E333-8FDC-42A3-9474-1A3956D46DE8}") = "Infrastructure", "Infrastructure", "{570C552E-5BC8-4330-9408-3439F44F31EA}"
EndProject
Project("{2150E333-8FDC-42A3-9474-1A3956D46DE8}") = "Core", "Core", "{B2C4AE26-2661-42B8-A05B-FFF1D6DBD3F4}"
EndProject
Project("{2150E333-8FDC-42A3-9474-1A3956D46DE8}") = "Domain", "Domain", "{9600BACD-4255-4AC5-AD26-86D69DFB79EB}"
EndProject
Project("{9A19103F-16F7-4668-BE54-9A1E7A4F7556}") = "SCParking.API", "SCParking.API\SCParking.API.csproj", "{D1644203-CE08-4A8E-B7D0-84ADB7BC1D45}"
EndProject
Project("{9A19103F-16F7-4668-BE54-9A1E7A4F7556}") = "SCParking.Core", "SCParking.Core\SCParking.Core.csproj", "{8F6BF334-9820-43C0-8B77-1303ACD5A65C}"
EndProject
Project("{9A19103F-16F7-4668-BE54-9A1E7A4F7556}") = "SCParking.Domain", "SCParking.Domain\SCParking.Domain.csproj", "{55CBE663-0A8D-4F45-AF24-3B68D8F0FC90}"
EndProject
Project("{9A19103F-16F7-4668-BE54-9A1E7A4F7556}") = "SCParking.Infrastructure", "SCParking.Infrastructure\SCParking.Infrastructure.csproj", "{0CDB7DDB-3F18-4E17-82B4-7A2165DC8F7F}"
EndProject
Global
	GlobalSection(SolutionConfigurationPlatforms) = preSolution
		Debug|Any CPU = Debug|Any CPU
		Release|Any CPU = Release|Any CPU
	EndGlobalSection
	GlobalSection(ProjectConfigurationPlatforms) = postSolution
		{D1644203-CE08-4A8E-B7D0-84ADB7BC1D45}.Debug|Any CPU.ActiveCfg = Debug|Any CPU
		{D1644203-CE08-4A8E-B7D0-84ADB7BC1D45}.Debug|Any CPU.Build.0 = Debug|Any CPU
		{D1644203-CE08-4A8E-B7D0-84ADB7BC1D45}.Release|Any CPU.ActiveCfg = Release|Any CPU
		{D1644203-CE08-4A8E-B7D0-84ADB7BC1D45}.Release|Any CPU.Build.0 = Release|Any CPU
		{8F6BF334-9820-43C0-8B77-1303ACD5A65C}.Debug|Any CPU.ActiveCfg = Debug|Any CPU
		{8F6BF334-9820-43C0-8B77-1303ACD5A65C}.Debug|Any CPU.Build.0 = Debug|Any CPU
		{8F6BF334-9820-43C0-8B77-1303ACD5A65C}.Release|Any CPU.ActiveCfg = Release|Any CPU
		{8F6BF334-9820-43C0-8B77-1303ACD5A65C}.Release|Any CPU.Build.0 = Release|Any CPU
		{55CBE663-0A8D-4F45-AF24-3B68D8F0FC90}.Debug|Any CPU.ActiveCfg = Debug|Any CPU
		{55CBE663-0A8D-4F45-AF24-3B68D8F0FC90}.Debug|Any CPU.Build.0 = Debug|Any CPU
		{55CBE663-0A8D-4F45-AF24-3B68D8F0FC90}.Release|Any CPU.ActiveCfg = Release|Any CPU
		{55CBE663-0A8D-4F45-AF24-3B68D8F0FC90}.Release|Any CPU.Build.0 = Release|Any CPU
		{0CDB7DDB-3F18-4E17-82B4-7A2165DC8F7F}.Debug|Any CPU.ActiveCfg = Debug|Any CPU
		{0CDB7DDB-3F18-4E17-82B4-7A2165DC8F7F}.Debug|Any CPU.Build.0 = Debug|Any CPU
		{0CDB7DDB-3F18-4E17-82B4-7A2165DC8F7F}.Release|Any CPU.ActiveCfg = Release|Any CPU
		{0CDB7DDB-3F18-4E17-82B4-7A2165DC8F7F}.Release|Any CPU.Build.0 = Release|Any CPU
	EndGlobalSection
	GlobalSection(SolutionProperties) = preSolution
		HideSolutionNode = FALSE
	EndGlobalSection
	GlobalSection(NestedProjects) = preSolution
		{D1644203-CE08-4A8E-B7D0-84ADB7BC1D45} = {FDD77FEA-7000-4E17-BE59-C21AD151C957}
		{8F6BF334-9820-43C0-8B77-1303ACD5A65C} = {B2C4AE26-2661-42B8-A05B-FFF1D6DBD3F4}
		{55CBE663-0A8D-4F45-AF24-3B68D8F0FC90} = {9600BACD-4255-4AC5-AD26-86D69DFB79EB}
		{0CDB7DDB-3F18-4E17-82B4-7A2165DC8F7F} = {570C552E-5BC8-4330-9408-3439F44F31EA}
	EndGlobalSection
	GlobalSection(ExtensibilityGlobals) = postSolution
		SolutionGuid = {42CB25EE-1185-475C-8928-EFF6A2281DF0}
	EndGlobalSection
EndGlobal
